
Microsoft Visual Studio Solution File, Format Version 12.00
# Visual Studio 15
VisualStudioVersion = 15.0.28307.1231
MinimumVisualStudioVersion = 10.0.40219.1
Project("{FAE04EC0-301F-11D3-BF4B-00C04F79EFBC}") = "Faker", "Faker\Faker.csproj", "{09CC1F1B-649D-407F-9DF4-2AA4C861FBA1}"
EndProject
Project("{FAE04EC0-301F-11D3-BF4B-00C04F79EFBC}") = "StringGenerator", "StringGenerator\StringGenerator.csproj", "{CFC131EE-4123-4328-AAA1-426718A27DED}"
EndProject
Project("{FAE04EC0-301F-11D3-BF4B-00C04F79EFBC}") = "DateTimeGenerator", "DateTimeGenerator\DateTimeGenerator.csproj", "{94734301-4257-40A7-8FE6-E6F63C6DABC8}"
EndProject
Project("{FAE04EC0-301F-11D3-BF4B-00C04F79EFBC}") = "FakerTest", "FakerTest\FakerTest.csproj", "{6551C03E-1DDE-49FF-9C07-2C5CF7947052}"
EndProject
Global
	GlobalSection(SolutionConfigurationPlatforms) = preSolution
		Debug|Any CPU = Debug|Any CPU
		Debug|ARM = Debug|ARM
		Debug|ARM64 = Debug|ARM64
		Debug|x64 = Debug|x64
		Debug|x86 = Debug|x86
		Release|Any CPU = Release|Any CPU
		Release|ARM = Release|ARM
		Release|ARM64 = Release|ARM64
		Release|x64 = Release|x64
		Release|x86 = Release|x86
	EndGlobalSection
	GlobalSection(ProjectConfigurationPlatforms) = postSolution
		{09CC1F1B-649D-407F-9DF4-2AA4C861FBA1}.Debug|Any CPU.ActiveCfg = Debug|Any CPU
		{09CC1F1B-649D-407F-9DF4-2AA4C861FBA1}.Debug|Any CPU.Build.0 = Debug|Any CPU
		{09CC1F1B-649D-407F-9DF4-2AA4C861FBA1}.Debug|ARM.ActiveCfg = Debug|Any CPU
		{09CC1F1B-649D-407F-9DF4-2AA4C861FBA1}.Debug|ARM.Build.0 = Debug|Any CPU
		{09CC1F1B-649D-407F-9DF4-2AA4C861FBA1}.Debug|ARM64.ActiveCfg = Debug|Any CPU
		{09CC1F1B-649D-407F-9DF4-2AA4C861FBA1}.Debug|ARM64.Build.0 = Debug|Any CPU
		{09CC1F1B-649D-407F-9DF4-2AA4C861FBA1}.Debug|x64.ActiveCfg = Debug|Any CPU
		{09CC1F1B-649D-407F-9DF4-2AA4C861FBA1}.Debug|x64.Build.0 = Debug|Any CPU
		{09CC1F1B-649D-407F-9DF4-2AA4C861FBA1}.Debug|x86.ActiveCfg = Debug|Any CPU
		{09CC1F1B-649D-407F-9DF4-2AA4C861FBA1}.Debug|x86.Build.0 = Debug|Any CPU
		{09CC1F1B-649D-407F-9DF4-2AA4C861FBA1}.Release|Any CPU.ActiveCfg = Release|Any CPU
		{09CC1F1B-649D-407F-9DF4-2AA4C861FBA1}.Release|Any CPU.Build.0 = Release|Any CPU
		{09CC1F1B-649D-407F-9DF4-2AA4C861FBA1}.Release|ARM.ActiveCfg = Release|Any CPU
		{09CC1F1B-649D-407F-9DF4-2AA4C861FBA1}.Release|ARM.Build.0 = Release|Any CPU
		{09CC1F1B-649D-407F-9DF4-2AA4C861FBA1}.Release|ARM64.ActiveCfg = Release|Any CPU
		{09CC1F1B-649D-407F-9DF4-2AA4C861FBA1}.Release|ARM64.Build.0 = Release|Any CPU
		{09CC1F1B-649D-407F-9DF4-2AA4C861FBA1}.Release|x64.ActiveCfg = Release|Any CPU
		{09CC1F1B-649D-407F-9DF4-2AA4C861FBA1}.Release|x64.Build.0 = Release|Any CPU
		{09CC1F1B-649D-407F-9DF4-2AA4C861FBA1}.Release|x86.ActiveCfg = Release|Any CPU
		{09CC1F1B-649D-407F-9DF4-2AA4C861FBA1}.Release|x86.Build.0 = Release|Any CPU
		{CFC131EE-4123-4328-AAA1-426718A27DED}.Debug|Any CPU.ActiveCfg = Debug|Any CPU
		{CFC131EE-4123-4328-AAA1-426718A27DED}.Debug|Any CPU.Build.0 = Debug|Any CPU
		{CFC131EE-4123-4328-AAA1-426718A27DED}.Debug|ARM.ActiveCfg = Debug|Any CPU
		{CFC131EE-4123-4328-AAA1-426718A27DED}.Debug|ARM.Build.0 = Debug|Any CPU
		{CFC131EE-4123-4328-AAA1-426718A27DED}.Debug|ARM64.ActiveCfg = Debug|Any CPU
		{CFC131EE-4123-4328-AAA1-426718A27DED}.Debug|ARM64.Build.0 = Debug|Any CPU
		{CFC131EE-4123-4328-AAA1-426718A27DED}.Debug|x64.ActiveCfg = Debug|Any CPU
		{CFC131EE-4123-4328-AAA1-426718A27DED}.Debug|x64.Build.0 = Debug|Any CPU
		{CFC131EE-4123-4328-AAA1-426718A27DED}.Debug|x86.ActiveCfg = Debug|Any CPU
		{CFC131EE-4123-4328-AAA1-426718A27DED}.Debug|x86.Build.0 = Debug|Any CPU
		{CFC131EE-4123-4328-AAA1-426718A27DED}.Release|Any CPU.ActiveCfg = Release|Any CPU
		{CFC131EE-4123-4328-AAA1-426718A27DED}.Release|Any CPU.Build.0 = Release|Any CPU
		{CFC131EE-4123-4328-AAA1-426718A27DED}.Release|ARM.ActiveCfg = Release|Any CPU
		{CFC131EE-4123-4328-AAA1-426718A27DED}.Release|ARM.Build.0 = Release|Any CPU
		{CFC131EE-4123-4328-AAA1-426718A27DED}.Release|ARM64.ActiveCfg = Release|Any CPU
		{CFC131EE-4123-4328-AAA1-426718A27DED}.Release|ARM64.Build.0 = Release|Any CPU
		{CFC131EE-4123-4328-AAA1-426718A27DED}.Release|x64.ActiveCfg = Release|Any CPU
		{CFC131EE-4123-4328-AAA1-426718A27DED}.Release|x64.Build.0 = Release|Any CPU
		{CFC131EE-4123-4328-AAA1-426718A27DED}.Release|x86.ActiveCfg = Release|Any CPU
		{CFC131EE-4123-4328-AAA1-426718A27DED}.Release|x86.Build.0 = Release|Any CPU
		{94734301-4257-40A7-8FE6-E6F63C6DABC8}.Debug|Any CPU.ActiveCfg = Debug|Any CPU
		{94734301-4257-40A7-8FE6-E6F63C6DABC8}.Debug|Any CPU.Build.0 = Debug|Any CPU
		{94734301-4257-40A7-8FE6-E6F63C6DABC8}.Debug|ARM.ActiveCfg = Debug|Any CPU
		{94734301-4257-40A7-8FE6-E6F63C6DABC8}.Debug|ARM.Build.0 = Debug|Any CPU
		{94734301-4257-40A7-8FE6-E6F63C6DABC8}.Debug|ARM64.ActiveCfg = Debug|Any CPU
		{94734301-4257-40A7-8FE6-E6F63C6DABC8}.Debug|ARM64.Build.0 = Debug|Any CPU
		{94734301-4257-40A7-8FE6-E6F63C6DABC8}.Debug|x64.ActiveCfg = Debug|Any CPU
		{94734301-4257-40A7-8FE6-E6F63C6DABC8}.Debug|x64.Build.0 = Debug|Any CPU
		{94734301-4257-40A7-8FE6-E6F63C6DABC8}.Debug|x86.ActiveCfg = Debug|Any CPU
		{94734301-4257-40A7-8FE6-E6F63C6DABC8}.Debug|x86.Build.0 = Debug|Any CPU
		{94734301-4257-40A7-8FE6-E6F63C6DABC8}.Release|Any CPU.ActiveCfg = Release|Any CPU
		{94734301-4257-40A7-8FE6-E6F63C6DABC8}.Release|Any CPU.Build.0 = Release|Any CPU
		{94734301-4257-40A7-8FE6-E6F63C6DABC8}.Release|ARM.ActiveCfg = Release|Any CPU
		{94734301-4257-40A7-8FE6-E6F63C6DABC8}.Release|ARM.Build.0 = Release|Any CPU
		{94734301-4257-40A7-8FE6-E6F63C6DABC8}.Release|ARM64.ActiveCfg = Release|Any CPU
		{94734301-4257-40A7-8FE6-E6F63C6DABC8}.Release|ARM64.Build.0 = Release|Any CPU
		{94734301-4257-40A7-8FE6-E6F63C6DABC8}.Release|x64.ActiveCfg = Release|Any CPU
		{94734301-4257-40A7-8FE6-E6F63C6DABC8}.Release|x64.Build.0 = Release|Any CPU
		{94734301-4257-40A7-8FE6-E6F63C6DABC8}.Release|x86.ActiveCfg = Release|Any CPU
		{94734301-4257-40A7-8FE6-E6F63C6DABC8}.Release|x86.Build.0 = Release|Any CPU
		{6551C03E-1DDE-49FF-9C07-2C5CF7947052}.Debug|Any CPU.ActiveCfg = Debug|Any CPU
		{6551C03E-1DDE-49FF-9C07-2C5CF7947052}.Debug|Any CPU.Build.0 = Debug|Any CPU
		{6551C03E-1DDE-49FF-9C07-2C5CF7947052}.Debug|ARM.ActiveCfg = Debug|Any CPU
		{6551C03E-1DDE-49FF-9C07-2C5CF7947052}.Debug|ARM.Build.0 = Debug|Any CPU
		{6551C03E-1DDE-49FF-9C07-2C5CF7947052}.Debug|ARM64.ActiveCfg = Debug|Any CPU
		{6551C03E-1DDE-49FF-9C07-2C5CF7947052}.Debug|ARM64.Build.0 = Debug|Any CPU
		{6551C03E-1DDE-49FF-9C07-2C5CF7947052}.Debug|x64.ActiveCfg = Debug|Any CPU
		{6551C03E-1DDE-49FF-9C07-2C5CF7947052}.Debug|x64.Build.0 = Debug|Any CPU
		{6551C03E-1DDE-49FF-9C07-2C5CF7947052}.Debug|x86.ActiveCfg = Debug|Any CPU
		{6551C03E-1DDE-49FF-9C07-2C5CF7947052}.Debug|x86.Build.0 = Debug|Any CPU
		{6551C03E-1DDE-49FF-9C07-2C5CF7947052}.Release|Any CPU.ActiveCfg = Release|Any CPU
		{6551C03E-1DDE-49FF-9C07-2C5CF7947052}.Release|Any CPU.Build.0 = Release|Any CPU
		{6551C03E-1DDE-49FF-9C07-2C5CF7947052}.Release|ARM.ActiveCfg = Release|Any CPU
		{6551C03E-1DDE-49FF-9C07-2C5CF7947052}.Release|ARM.Build.0 = Release|Any CPU
		{6551C03E-1DDE-49FF-9C07-2C5CF7947052}.Release|ARM64.ActiveCfg = Release|Any CPU
		{6551C03E-1DDE-49FF-9C07-2C5CF7947052}.Release|ARM64.Build.0 = Release|Any CPU
		{6551C03E-1DDE-49FF-9C07-2C5CF7947052}.Release|x64.ActiveCfg = Release|Any CPU
		{6551C03E-1DDE-49FF-9C07-2C5CF7947052}.Release|x64.Build.0 = Release|Any CPU
		{6551C03E-1DDE-49FF-9C07-2C5CF7947052}.Release|x86.ActiveCfg = Release|Any CPU
		{6551C03E-1DDE-49FF-9C07-2C5CF7947052}.Release|x86.Build.0 = Release|Any CPU
	EndGlobalSection
	GlobalSection(SolutionProperties) = preSolution
		HideSolutionNode = FALSE
	EndGlobalSection
	GlobalSection(ExtensibilityGlobals) = postSolution
		SolutionGuid = {EC9A3BA1-38B6-44EE-A250-AD285FCB9815}
	EndGlobalSection
EndGlobal
